
Microsoft Visual Studio Solution File, Format Version 12.00
# Visual Studio 15
Project("{FAE04EC0-301F-11D3-BF4B-00C04F79EFBC}") = "Assembly-CSharp", "Assembly-CSharp.csproj", "{29FE7DAE-1E07-5A37-ADB5-A94DB0A7C69A}"
EndProject
Project("{FAE04EC0-301F-11D3-BF4B-00C04F79EFBC}") = "Assembly-CSharp-firstpass", "Assembly-CSharp-firstpass.csproj", "{381142A9-D23A-09A2-D279-E9DAE0F4E145}"
EndProject
Project("{FAE04EC0-301F-11D3-BF4B-00C04F79EFBC}") = "Assembly-CSharp-Editor", "Assembly-CSharp-Editor.csproj", "{055BEE71-1B31-DF58-EFDF-C99226317D8F}"
EndProject
Global
	GlobalSection(SolutionConfigurationPlatforms) = preSolution
		Debug|Any CPU = Debug|Any CPU
		Release|Any CPU = Release|Any CPU
	EndGlobalSection
	GlobalSection(ProjectConfigurationPlatforms) = postSolution
		{29FE7DAE-1E07-5A37-ADB5-A94DB0A7C69A}.Debug|Any CPU.ActiveCfg = Debug|Any CPU
		{29FE7DAE-1E07-5A37-ADB5-A94DB0A7C69A}.Debug|Any CPU.Build.0 = Debug|Any CPU
		{29FE7DAE-1E07-5A37-ADB5-A94DB0A7C69A}.Release|Any CPU.ActiveCfg = Release|Any CPU
		{29FE7DAE-1E07-5A37-ADB5-A94DB0A7C69A}.Release|Any CPU.Build.0 = Release|Any CPU
		{381142A9-D23A-09A2-D279-E9DAE0F4E145}.Debug|Any CPU.ActiveCfg = Debug|Any CPU
		{381142A9-D23A-09A2-D279-E9DAE0F4E145}.Debug|Any CPU.Build.0 = Debug|Any CPU
		{381142A9-D23A-09A2-D279-E9DAE0F4E145}.Release|Any CPU.ActiveCfg = Release|Any CPU
		{381142A9-D23A-09A2-D279-E9DAE0F4E145}.Release|Any CPU.Build.0 = Release|Any CPU
		{055BEE71-1B31-DF58-EFDF-C99226317D8F}.Debug|Any CPU.ActiveCfg = Debug|Any CPU
		{055BEE71-1B31-DF58-EFDF-C99226317D8F}.Debug|Any CPU.Build.0 = Debug|Any CPU
		{055BEE71-1B31-DF58-EFDF-C99226317D8F}.Release|Any CPU.ActiveCfg = Release|Any CPU
		{055BEE71-1B31-DF58-EFDF-C99226317D8F}.Release|Any CPU.Build.0 = Release|Any CPU
	EndGlobalSection
	GlobalSection(SolutionProperties) = preSolution
		HideSolutionNode = FALSE
	EndGlobalSection
EndGlobal
